
Microsoft Visual Studio Solution File, Format Version 12.00
# Visual Studio 15
Project("{FAE04EC0-301F-11D3-BF4B-00C04F79EFBC}") = "New_360_video_demo", "Assembly-CSharp.csproj", "{B493EB43-4D24-B401-6769-9264288989F7}"
EndProject
Global
	GlobalSection(SolutionConfigurationPlatforms) = preSolution
		Debug|Any CPU = Debug|Any CPU
		Release|Any CPU = Release|Any CPU
	EndGlobalSection
	GlobalSection(ProjectConfigurationPlatforms) = postSolution
		{B493EB43-4D24-B401-6769-9264288989F7}.Debug|Any CPU.ActiveCfg = Debug|Any CPU
		{B493EB43-4D24-B401-6769-9264288989F7}.Debug|Any CPU.Build.0 = Debug|Any CPU
		{B493EB43-4D24-B401-6769-9264288989F7}.Release|Any CPU.ActiveCfg = Release|Any CPU
		{B493EB43-4D24-B401-6769-9264288989F7}.Release|Any CPU.Build.0 = Release|Any CPU
	EndGlobalSection
	GlobalSection(SolutionProperties) = preSolution
		HideSolutionNode = FALSE
	EndGlobalSection
EndGlobal
